
Microsoft Visual Studio Solution File, Format Version 12.00
# Visual Studio Version 17
VisualStudioVersion = 17.5.002.0
MinimumVisualStudioVersion = 10.0.40219.1
Project("{9A19103F-16F7-4668-BE54-9A1E7A4F7556}") = "named-pipe-server", "named-pipe-server\named-pipe-server.csproj", "{6A849481-96F5-42E8-AF66-C5A093E6D7FA}"
EndProject
Global
	GlobalSection(SolutionConfigurationPlatforms) = preSolution
		Debug|Any CPU = Debug|Any CPU
		Release|Any CPU = Release|Any CPU
	EndGlobalSection
	GlobalSection(ProjectConfigurationPlatforms) = postSolution
		{6A849481-96F5-42E8-AF66-C5A093E6D7FA}.Debug|Any CPU.ActiveCfg = Debug|Any CPU
		{6A849481-96F5-42E8-AF66-C5A093E6D7FA}.Debug|Any CPU.Build.0 = Debug|Any CPU
		{6A849481-96F5-42E8-AF66-C5A093E6D7FA}.Release|Any CPU.ActiveCfg = Release|Any CPU
		{6A849481-96F5-42E8-AF66-C5A093E6D7FA}.Release|Any CPU.Build.0 = Release|Any CPU
	EndGlobalSection
	GlobalSection(SolutionProperties) = preSolution
		HideSolutionNode = FALSE
	EndGlobalSection
	GlobalSection(ExtensibilityGlobals) = postSolution
		SolutionGuid = {1A23619C-3D57-4FCF-A155-764BD6719CA6}
	EndGlobalSection
EndGlobal
